// !$*UTF8*$!
{
	archiveVersion = 1;
	classes = {
	};
	objectVersion = 50;
	objects = {

/* Begin PBXBuildFile section */
		6A58E7B72539768B0091BAD3 /* AppDelegate.swift in Sources */ = {isa = PBXBuildFile; fileRef = 6A58E7B62539768B0091BAD3 /* AppDelegate.swift */; };
		6A58E7B92539768B0091BAD3 /* SceneDelegate.swift in Sources */ = {isa = PBXBuildFile; fileRef = 6A58E7B82539768B0091BAD3 /* SceneDelegate.swift */; };
		6A58E7BB2539768B0091BAD3 /* ViewController.swift in Sources */ = {isa = PBXBuildFile; fileRef = 6A58E7BA2539768B0091BAD3 /* ViewController.swift */; };
		6A58E7BE2539768B0091BAD3 /* Main.storyboard in Resources */ = {isa = PBXBuildFile; fileRef = 6A58E7BC2539768B0091BAD3 /* Main.storyboard */; };
		6A58E7C02539768D0091BAD3 /* Assets.xcassets in Resources */ = {isa = PBXBuildFile; fileRef = 6A58E7BF2539768D0091BAD3 /* Assets.xcassets */; };
		6A58E7C32539768D0091BAD3 /* LaunchScreen.storyboard in Resources */ = {isa = PBXBuildFile; fileRef = 6A58E7C12539768D0091BAD3 /* LaunchScreen.storyboard */; };
		6A58E7CE2539768D0091BAD3 /* PersonAppTest1Tests.swift in Sources */ = {isa = PBXBuildFile; fileRef = 6A58E7CD2539768D0091BAD3 /* PersonAppTest1Tests.swift */; };
		6A58E7D9253981A10091BAD3 /* TableViewCell.swift in Sources */ = {isa = PBXBuildFile; fileRef = 6A58E7D8253981A10091BAD3 /* TableViewCell.swift */; };
		6A58E7DB2539982D0091BAD3 /* DetailViewController.swift in Sources */ = {isa = PBXBuildFile; fileRef = 6A58E7DA2539982D0091BAD3 /* DetailViewController.swift */; };
		6A58E80B2539D8620091BAD3 /* secondViewController.swift in Sources */ = {isa = PBXBuildFile; fileRef = 6A58E80A2539D8620091BAD3 /* secondViewController.swift */; };
		6A58E80D2539DA260091BAD3 /* CollectionViewCell.swift in Sources */ = {isa = PBXBuildFile; fileRef = 6A58E80C2539DA260091BAD3 /* CollectionViewCell.swift */; };
		6A58E80F2539E7600091BAD3 /* imageViewController.swift in Sources */ = {isa = PBXBuildFile; fileRef = 6A58E80E2539E7600091BAD3 /* imageViewController.swift */; };
		6A5A53D6253D85CF00BD1E87 /* DataClass.swift in Sources */ = {isa = PBXBuildFile; fileRef = 6A5A53D5253D85CF00BD1E87 /* DataClass.swift */; };
		6A5E9D46253CF1480091D0CF /* thirdViewController.swift in Sources */ = {isa = PBXBuildFile; fileRef = 6A5E9D45253CF1480091D0CF /* thirdViewController.swift */; };
/* End PBXBuildFile section */

/* Begin PBXContainerItemProxy section */
		6A58E7CA2539768D0091BAD3 /* PBXContainerItemProxy */ = {
			isa = PBXContainerItemProxy;
			containerPortal = 6A58E7AB2539768B0091BAD3 /* Project object */;
			proxyType = 1;
			remoteGlobalIDString = 6A58E7B22539768B0091BAD3;
			remoteInfo = PersonAppTest1;
		};
/* End PBXContainerItemProxy section */

/* Begin PBXFileReference section */
		6A58E7B32539768B0091BAD3 /* PersonAppTest1.app */ = {isa = PBXFileReference; explicitFileType = wrapper.application; includeInIndex = 0; path = PersonAppTest1.app; sourceTree = BUILT_PRODUCTS_DIR; };
		6A58E7B62539768B0091BAD3 /* AppDelegate.swift */ = {isa = PBXFileReference; lastKnownFileType = sourcecode.swift; path = AppDelegate.swift; sourceTree = "<group>"; };
		6A58E7B82539768B0091BAD3 /* SceneDelegate.swift */ = {isa = PBXFileReference; lastKnownFileType = sourcecode.swift; path = SceneDelegate.swift; sourceTree = "<group>"; };
		6A58E7BA2539768B0091BAD3 /* ViewController.swift */ = {isa = PBXFileReference; lastKnownFileType = sourcecode.swift; path = ViewController.swift; sourceTree = "<group>"; };
		6A58E7BD2539768B0091BAD3 /* Base */ = {isa = PBXFileReference; lastKnownFileType = file.storyboard; name = Base; path = Base.lproj/Main.storyboard; sourceTree = "<group>"; };
		6A58E7BF2539768D0091BAD3 /* Assets.xcassets */ = {isa = PBXFileReference; lastKnownFileType = folder.assetcatalog; path = Assets.xcassets; sourceTree = "<group>"; };
		6A58E7C22539768D0091BAD3 /* Base */ = {isa = PBXFileReference; lastKnownFileType = file.storyboard; name = Base; path = Base.lproj/LaunchScreen.storyboard; sourceTree = "<group>"; };
		6A58E7C42539768D0091BAD3 /* Info.plist */ = {isa = PBXFileReference; lastKnownFileType = text.plist.xml; path = Info.plist; sourceTree = "<group>"; };
		6A58E7C92539768D0091BAD3 /* PersonAppTest1Tests.xctest */ = {isa = PBXFileReference; explicitFileType = wrapper.cfbundle; includeInIndex = 0; path = PersonAppTest1Tests.xctest; sourceTree = BUILT_PRODUCTS_DIR; };
		6A58E7CD2539768D0091BAD3 /* PersonAppTest1Tests.swift */ = {isa = PBXFileReference; lastKnownFileType = sourcecode.swift; path = PersonAppTest1Tests.swift; sourceTree = "<group>"; };
		6A58E7CF2539768D0091BAD3 /* Info.plist */ = {isa = PBXFileReference; lastKnownFileType = text.plist.xml; path = Info.plist; sourceTree = "<group>"; };
		6A58E7D8253981A10091BAD3 /* TableViewCell.swift */ = {isa = PBXFileReference; lastKnownFileType = sourcecode.swift; path = TableViewCell.swift; sourceTree = "<group>"; };
		6A58E7DA2539982D0091BAD3 /* DetailViewController.swift */ = {isa = PBXFileReference; lastKnownFileType = sourcecode.swift; path = DetailViewController.swift; sourceTree = "<group>"; };
		6A58E80A2539D8620091BAD3 /* secondViewController.swift */ = {isa = PBXFileReference; lastKnownFileType = sourcecode.swift; path = secondViewController.swift; sourceTree = "<group>"; };
		6A58E80C2539DA260091BAD3 /* CollectionViewCell.swift */ = {isa = PBXFileReference; lastKnownFileType = sourcecode.swift; path = CollectionViewCell.swift; sourceTree = "<group>"; };
		6A58E80E2539E7600091BAD3 /* imageViewController.swift */ = {isa = PBXFileReference; lastKnownFileType = sourcecode.swift; path = imageViewController.swift; sourceTree = "<group>"; };
		6A5A53D5253D85CF00BD1E87 /* DataClass.swift */ = {isa = PBXFileReference; lastKnownFileType = sourcecode.swift; path = DataClass.swift; sourceTree = "<group>"; };
		6A5E9D45253CF1480091D0CF /* thirdViewController.swift */ = {isa = PBXFileReference; lastKnownFileType = sourcecode.swift; path = thirdViewController.swift; sourceTree = "<group>"; };
/* End PBXFileReference section */

/* Begin PBXFrameworksBuildPhase section */
		6A58E7B02539768B0091BAD3 /* Frameworks */ = {
			isa = PBXFrameworksBuildPhase;
			buildActionMask = 2147483647;
			files = (
			);
			runOnlyForDeploymentPostprocessing = 0;
		};
		6A58E7C62539768D0091BAD3 /* Frameworks */ = {
			isa = PBXFrameworksBuildPhase;
			buildActionMask = 2147483647;
			files = (
			);
			runOnlyForDeploymentPostprocessing = 0;
		};
/* End PBXFrameworksBuildPhase section */

/* Begin PBXGroup section */
		6A58E7AA2539768B0091BAD3 = {
			isa = PBXGroup;
			children = (
				6A5A53D5253D85CF00BD1E87 /* DataClass.swift */,
				6A58E7B52539768B0091BAD3 /* PersonAppTest1 */,
				6A58E7CC2539768D0091BAD3 /* PersonAppTest1Tests */,
				6A58E7B42539768B0091BAD3 /* Products */,
			);
			sourceTree = "<group>";
		};
		6A58E7B42539768B0091BAD3 /* Products */ = {
			isa = PBXGroup;
			children = (
				6A58E7B32539768B0091BAD3 /* PersonAppTest1.app */,
				6A58E7C92539768D0091BAD3 /* PersonAppTest1Tests.xctest */,
			);
			name = Products;
			sourceTree = "<group>";
		};
		6A58E7B52539768B0091BAD3 /* PersonAppTest1 */ = {
			isa = PBXGroup;
			children = (
				6A58E7B62539768B0091BAD3 /* AppDelegate.swift */,
				6A58E7B82539768B0091BAD3 /* SceneDelegate.swift */,
				6A58E7BA2539768B0091BAD3 /* ViewController.swift */,
				6A58E7BC2539768B0091BAD3 /* Main.storyboard */,
				6A5E9D45253CF1480091D0CF /* thirdViewController.swift */,
				6A58E80E2539E7600091BAD3 /* imageViewController.swift */,
				6A58E80C2539DA260091BAD3 /* CollectionViewCell.swift */,
				6A58E80A2539D8620091BAD3 /* secondViewController.swift */,
				6A58E7DA2539982D0091BAD3 /* DetailViewController.swift */,
				6A58E7D8253981A10091BAD3 /* TableViewCell.swift */,
				6A58E7BF2539768D0091BAD3 /* Assets.xcassets */,
				6A58E7C12539768D0091BAD3 /* LaunchScreen.storyboard */,
				6A58E7C42539768D0091BAD3 /* Info.plist */,
			);
			path = PersonAppTest1;
			sourceTree = "<group>";
		};
		6A58E7CC2539768D0091BAD3 /* PersonAppTest1Tests */ = {
			isa = PBXGroup;
			children = (
				6A58E7CD2539768D0091BAD3 /* PersonAppTest1Tests.swift */,
				6A58E7CF2539768D0091BAD3 /* Info.plist */,
			);
			path = PersonAppTest1Tests;
			sourceTree = "<group>";
		};
/* End PBXGroup section */

/* Begin PBXNativeTarget section */
		6A58E7B22539768B0091BAD3 /* PersonAppTest1 */ = {
			isa = PBXNativeTarget;
			buildConfigurationList = 6A58E7D22539768D0091BAD3 /* Build configuration list for PBXNativeTarget "PersonAppTest1" */;
			buildPhases = (
				6A58E7AF2539768B0091BAD3 /* Sources */,
				6A58E7B02539768B0091BAD3 /* Frameworks */,
				6A58E7B12539768B0091BAD3 /* Resources */,
			);
			buildRules = (
			);
			dependencies = (
			);
			name = PersonAppTest1;
			productName = PersonAppTest1;
			productReference = 6A58E7B32539768B0091BAD3 /* PersonAppTest1.app */;
			productType = "com.apple.product-type.application";
		};
		6A58E7C82539768D0091BAD3 /* PersonAppTest1Tests */ = {
			isa = PBXNativeTarget;
			buildConfigurationList = 6A58E7D52539768D0091BAD3 /* Build configuration list for PBXNativeTarget "PersonAppTest1Tests" */;
			buildPhases = (
				6A58E7C52539768D0091BAD3 /* Sources */,
				6A58E7C62539768D0091BAD3 /* Frameworks */,
				6A58E7C72539768D0091BAD3 /* Resources */,
			);
			buildRules = (
			);
			dependencies = (
				6A58E7CB2539768D0091BAD3 /* PBXTargetDependency */,
			);
			name = PersonAppTest1Tests;
			productName = PersonAppTest1Tests;
			productReference = 6A58E7C92539768D0091BAD3 /* PersonAppTest1Tests.xctest */;
			productType = "com.apple.product-type.bundle.unit-test";
		};
/* End PBXNativeTarget section */

/* Begin PBXProject section */
		6A58E7AB2539768B0091BAD3 /* Project object */ = {
			isa = PBXProject;
			attributes = {
				LastSwiftUpdateCheck = 1160;
				LastUpgradeCheck = 1160;
				ORGANIZATIONNAME = IT;
				TargetAttributes = {
					6A58E7B22539768B0091BAD3 = {
						CreatedOnToolsVersion = 11.6;
					};
					6A58E7C82539768D0091BAD3 = {
						CreatedOnToolsVersion = 11.6;
						TestTargetID = 6A58E7B22539768B0091BAD3;
					};
				};
			};
			buildConfigurationList = 6A58E7AE2539768B0091BAD3 /* Build configuration list for PBXProject "PersonAppTest1" */;
			compatibilityVersion = "Xcode 9.3";
			developmentRegion = en;
			hasScannedForEncodings = 0;
			knownRegions = (
				en,
				Base,
			);
			mainGroup = 6A58E7AA2539768B0091BAD3;
			productRefGroup = 6A58E7B42539768B0091BAD3 /* Products */;
			projectDirPath = "";
			projectRoot = "";
			targets = (
				6A58E7B22539768B0091BAD3 /* PersonAppTest1 */,
				6A58E7C82539768D0091BAD3 /* PersonAppTest1Tests */,
			);
		};
/* End PBXProject section */

/* Begin PBXResourcesBuildPhase section */
		6A58E7B12539768B0091BAD3 /* Resources */ = {
			isa = PBXResourcesBuildPhase;
			buildActionMask = 2147483647;
			files = (
				6A58E7C32539768D0091BAD3 /* LaunchScreen.storyboard in Resources */,
				6A58E7C02539768D0091BAD3 /* Assets.xcassets in Resources */,
				6A58E7BE2539768B0091BAD3 /* Main.storyboard in Resources */,
			);
			runOnlyForDeploymentPostprocessing = 0;
		};
		6A58E7C72539768D0091BAD3 /* Resources */ = {
			isa = PBXResourcesBuildPhase;
			buildActionMask = 2147483647;
			files = (
			);
			runOnlyForDeploymentPostprocessing = 0;
		};
/* End PBXResourcesBuildPhase section */

/* Begin PBXSourcesBuildPhase section */
		6A58E7AF2539768B0091BAD3 /* Sources */ = {
			isa = PBXSourcesBuildPhase;
			buildActionMask = 2147483647;
			files = (
				6A58E7BB2539768B0091BAD3 /* ViewController.swift in Sources */,
				6A58E7D9253981A10091BAD3 /* TableViewCell.swift in Sources */,
				6A5A53D6253D85CF00BD1E87 /* DataClass.swift in Sources */,
				6A5E9D46253CF1480091D0CF /* thirdViewController.swift in Sources */,
				6A58E7DB2539982D0091BAD3 /* DetailViewController.swift in Sources */,
				6A58E80D2539DA260091BAD3 /* CollectionViewCell.swift in Sources */,
				6A58E7B72539768B0091BAD3 /* AppDelegate.swift in Sources */,
				6A58E80B2539D8620091BAD3 /* secondViewController.swift in Sources */,
				6A58E80F2539E7600091BAD3 /* imageViewController.swift in Sources */,
				6A58E7B92539768B0091BAD3 /* SceneDelegate.swift in Sources */,
			);
			runOnlyForDeploymentPostprocessing = 0;
		};
		6A58E7C52539768D0091BAD3 /* Sources */ = {
			isa = PBXSourcesBuildPhase;
			buildActionMask = 2147483647;
			files = (
				6A58E7CE2539768D0091BAD3 /* PersonAppTest1Tests.swift in Sources */,
			);
			runOnlyForDeploymentPostprocessing = 0;
		};
/* End PBXSourcesBuildPhase section */

/* Begin PBXTargetDependency section */
		6A58E7CB2539768D0091BAD3 /* PBXTargetDependency */ = {
			isa = PBXTargetDependency;
			target = 6A58E7B22539768B0091BAD3 /* PersonAppTest1 */;
			targetProxy = 6A58E7CA2539768D0091BAD3 /* PBXContainerItemProxy */;
		};
/* End PBXTargetDependency section */

/* Begin PBXVariantGroup section */
		6A58E7BC2539768B0091BAD3 /* Main.storyboard */ = {
			isa = PBXVariantGroup;
			children = (
				6A58E7BD2539768B0091BAD3 /* Base */,
			);
			name = Main.storyboard;
			sourceTree = "<group>";
		};
		6A58E7C12539768D0091BAD3 /* LaunchScreen.storyboard */ = {
			isa = PBXVariantGroup;
			children = (
				6A58E7C22539768D0091BAD3 /* Base */,
			);
			name = LaunchScreen.storyboard;
			sourceTree = "<group>";
		};
/* End PBXVariantGroup section */

/* Begin XCBuildConfiguration section */
		6A58E7D02539768D0091BAD3 /* Debug */ = {
			isa = XCBuildConfiguration;
			buildSettings = {
				ALWAYS_SEARCH_USER_PATHS = NO;
				CLANG_ANALYZER_NONNULL = YES;
				CLANG_ANALYZER_NUMBER_OBJECT_CONVERSION = YES_AGGRESSIVE;
				CLANG_CXX_LANGUAGE_STANDARD = "gnu++14";
				CLANG_CXX_LIBRARY = "libc++";
				CLANG_ENABLE_MODULES = YES;
				CLANG_ENABLE_OBJC_ARC = YES;
				CLANG_ENABLE_OBJC_WEAK = YES;
				CLANG_WARN_BLOCK_CAPTURE_AUTORELEASING = YES;
				CLANG_WARN_BOOL_CONVERSION = YES;
				CLANG_WARN_COMMA = YES;
				CLANG_WARN_CONSTANT_CONVERSION = YES;
				CLANG_WARN_DEPRECATED_OBJC_IMPLEMENTATIONS = YES;
				CLANG_WARN_DIRECT_OBJC_ISA_USAGE = YES_ERROR;
				CLANG_WARN_DOCUMENTATION_COMMENTS = YES;
				CLANG_WARN_EMPTY_BODY = YES;
				CLANG_WARN_ENUM_CONVERSION = YES;
				CLANG_WARN_INFINITE_RECURSION = YES;
				CLANG_WARN_INT_CONVERSION = YES;
				CLANG_WARN_NON_LITERAL_NULL_CONVERSION = YES;
				CLANG_WARN_OBJC_IMPLICIT_RETAIN_SELF = YES;
				CLANG_WARN_OBJC_LITERAL_CONVERSION = YES;
				CLANG_WARN_OBJC_ROOT_CLASS = YES_ERROR;
				CLANG_WARN_RANGE_LOOP_ANALYSIS = YES;
				CLANG_WARN_STRICT_PROTOTYPES = YES;
				CLANG_WARN_SUSPICIOUS_MOVE = YES;
				CLANG_WARN_UNGUARDED_AVAILABILITY = YES_AGGRESSIVE;
				CLANG_WARN_UNREACHABLE_CODE = YES;
				CLANG_WARN__DUPLICATE_METHOD_MATCH = YES;
				COPY_PHASE_STRIP = NO;
				DEBUG_INFORMATION_FORMAT = dwarf;
				ENABLE_STRICT_OBJC_MSGSEND = YES;
				ENABLE_TESTABILITY = YES;
				GCC_C_LANGUAGE_STANDARD = gnu11;
				GCC_DYNAMIC_NO_PIC = NO;
				GCC_NO_COMMON_BLOCKS = YES;
				GCC_OPTIMIZATION_LEVEL = 0;
				GCC_PREPROCESSOR_DEFINITIONS = (
					"DEBUG=1",
					"$(inherited)",
				);
				GCC_WARN_64_TO_32_BIT_CONVERSION = YES;
				GCC_WARN_ABOUT_RETURN_TYPE = YES_ERROR;
				GCC_WARN_UNDECLARED_SELECTOR = YES;
				GCC_WARN_UNINITIALIZED_AUTOS = YES_AGGRESSIVE;
				GCC_WARN_UNUSED_FUNCTION = YES;
				GCC_WARN_UNUSED_VARIABLE = YES;
				IPHONEOS_DEPLOYMENT_TARGET = 13.6;
				MTL_ENABLE_DEBUG_INFO = INCLUDE_SOURCE;
				MTL_FAST_MATH = YES;
				ONLY_ACTIVE_ARCH = YES;
				SDKROOT = iphoneos;
				SWIFT_ACTIVE_COMPILATION_CONDITIONS = DEBUG;
				SWIFT_OPTIMIZATION_LEVEL = "-Onone";
			};
			name = Debug;
		};
		6A58E7D12539768D0091BAD3 /* Release */ = {
			isa = XCBuildConfiguration;
			buildSettings = {
				ALWAYS_SEARCH_USER_PATHS = NO;
				CLANG_ANALYZER_NONNULL = YES;
				CLANG_ANALYZER_NUMBER_OBJECT_CONVERSION = YES_AGGRESSIVE;
				CLANG_CXX_LANGUAGE_STANDARD = "gnu++14";
				CLANG_CXX_LIBRARY = "libc++";
				CLANG_ENABLE_MODULES = YES;
				CLANG_ENABLE_OBJC_ARC = YES;
				CLANG_ENABLE_OBJC_WEAK = YES;
				CLANG_WARN_BLOCK_CAPTURE_AUTORELEASING = YES;
				CLANG_WARN_BOOL_CONVERSION = YES;
				CLANG_WARN_COMMA = YES;
				CLANG_WARN_CONSTANT_CONVERSION = YES;
				CLANG_WARN_DEPRECATED_OBJC_IMPLEMENTATIONS = YES;
				CLANG_WARN_DIRECT_OBJC_ISA_USAGE = YES_ERROR;
				CLANG_WARN_DOCUMENTATION_COMMENTS = YES;
				CLANG_WARN_EMPTY_BODY = YES;
				CLANG_WARN_ENUM_CONVERSION = YES;
				CLANG_WARN_INFINITE_RECURSION = YES;
				CLANG_WARN_INT_CONVERSION = YES;
				CLANG_WARN_NON_LITERAL_NULL_CONVERSION = YES;
				CLANG_WARN_OBJC_IMPLICIT_RETAIN_SELF = YES;
				CLANG_WARN_OBJC_LITERAL_CONVERSION = YES;
				CLANG_WARN_OBJC_ROOT_CLASS = YES_ERROR;
				CLANG_WARN_RANGE_LOOP_ANALYSIS = YES;
				CLANG_WARN_STRICT_PROTOTYPES = YES;
				CLANG_WARN_SUSPICIOUS_MOVE = YES;
				CLANG_WARN_UNGUARDED_AVAILABILITY = YES_AGGRESSIVE;
				CLANG_WARN_UNREACHABLE_CODE = YES;
				CLANG_WARN__DUPLICATE_METHOD_MATCH = YES;
				COPY_PHASE_STRIP = NO;
				DEBUG_INFORMATION_FORMAT = "dwarf-with-dsym";
				ENABLE_NS_ASSERTIONS = NO;
				ENABLE_STRICT_OBJC_MSGSEND = YES;
				GCC_C_LANGUAGE_STANDARD = gnu11;
				GCC_NO_COMMON_BLOCKS = YES;
				GCC_WARN_64_TO_32_BIT_CONVERSION = YES;
				GCC_WARN_ABOUT_RETURN_TYPE = YES_ERROR;
				GCC_WARN_UNDECLARED_SELECTOR = YES;
				GCC_WARN_UNINITIALIZED_AUTOS = YES_AGGRESSIVE;
				GCC_WARN_UNUSED_FUNCTION = YES;
				GCC_WARN_UNUSED_VARIABLE = YES;
				IPHONEOS_DEPLOYMENT_TARGET = 13.6;
				MTL_ENABLE_DEBUG_INFO = NO;
				MTL_FAST_MATH = YES;
				SDKROOT = iphoneos;
				SWIFT_COMPILATION_MODE = wholemodule;
				SWIFT_OPTIMIZATION_LEVEL = "-O";
				VALIDATE_PRODUCT = YES;
			};
			name = Release;
		};
		6A58E7D32539768D0091BAD3 /* Debug */ = {
			isa = XCBuildConfiguration;
			buildSettings = {
				ASSETCATALOG_COMPILER_APPICON_NAME = AppIcon;
				CODE_SIGN_STYLE = Automatic;
				INFOPLIST_FILE = PersonAppTest1/Info.plist;
				LD_RUNPATH_SEARCH_PATHS = (
					"$(inherited)",
					"@executable_path/Frameworks",
				);
				PRODUCT_BUNDLE_IDENTIFIER = com.example.PersonAppTest1;
				PRODUCT_NAME = "$(TARGET_NAME)";
				SWIFT_VERSION = 5.0;
				TARGETED_DEVICE_FAMILY = "1,2";
			};
			name = Debug;
		};
		6A58E7D42539768D0091BAD3 /* Release */ = {
			isa = XCBuildConfiguration;
			buildSettings = {
				ASSETCATALOG_COMPILER_APPICON_NAME = AppIcon;
				CODE_SIGN_STYLE = Automatic;
				INFOPLIST_FILE = PersonAppTest1/Info.plist;
				LD_RUNPATH_SEARCH_PATHS = (
					"$(inherited)",
					"@executable_path/Frameworks",
				);
				PRODUCT_BUNDLE_IDENTIFIER = com.example.PersonAppTest1;
				PRODUCT_NAME = "$(TARGET_NAME)";
				SWIFT_VERSION = 5.0;
				TARGETED_DEVICE_FAMILY = "1,2";
			};
			name = Release;
		};
		6A58E7D62539768D0091BAD3 /* Debug */ = {
			isa = XCBuildConfiguration;
			buildSettings = {
				ALWAYS_EMBED_SWIFT_STANDARD_LIBRARIES = YES;
				BUNDLE_LOADER = "$(TEST_HOST)";
				CODE_SIGN_STYLE = Automatic;
				INFOPLIST_FILE = PersonAppTest1Tests/Info.plist;
				IPHONEOS_DEPLOYMENT_TARGET = 13.6;
				LD_RUNPATH_SEARCH_PATHS = (
					"$(inherited)",
					"@executable_path/Frameworks",
					"@loader_path/Frameworks",
				);
				PRODUCT_BUNDLE_IDENTIFIER = com.example.PersonAppTest1Tests;
				PRODUCT_NAME = "$(TARGET_NAME)";
				SWIFT_VERSION = 5.0;
				TARGETED_DEVICE_FAMILY = "1,2";
				TEST_HOST = "$(BUILT_PRODUCTS_DIR)/PersonAppTest1.app/PersonAppTest1";
			};
			name = Debug;
		};
		6A58E7D72539768D0091BAD3 /* Release */ = {
			isa = XCBuildConfiguration;
			buildSettings = {
				ALWAYS_EMBED_SWIFT_STANDARD_LIBRARIES = YES;
				BUNDLE_LOADER = "$(TEST_HOST)";
				CODE_SIGN_STYLE = Automatic;
				INFOPLIST_FILE = PersonAppTest1Tests/Info.plist;
				IPHONEOS_DEPLOYMENT_TARGET = 13.6;
				LD_RUNPATH_SEARCH_PATHS = (
					"$(inherited)",
					"@executable_path/Frameworks",
					"@loader_path/Frameworks",
				);
				PRODUCT_BUNDLE_IDENTIFIER = com.example.PersonAppTest1Tests;
				PRODUCT_NAME = "$(TARGET_NAME)";
				SWIFT_VERSION = 5.0;
				TARGETED_DEVICE_FAMILY = "1,2";
				TEST_HOST = "$(BUILT_PRODUCTS_DIR)/PersonAppTest1.app/PersonAppTest1";
			};
			name = Release;
		};
/* End XCBuildConfiguration section */

/* Begin XCConfigurationList section */
		6A58E7AE2539768B0091BAD3 /* Build configuration list for PBXProject "PersonAppTest1" */ = {
			isa = XCConfigurationList;
			buildConfigurations = (
				6A58E7D02539768D0091BAD3 /* Debug */,
				6A58E7D12539768D0091BAD3 /* Release */,
			);
			defaultConfigurationIsVisible = 0;
			defaultConfigurationName = Release;
		};
		6A58E7D22539768D0091BAD3 /* Build configuration list for PBXNativeTarget "PersonAppTest1" */ = {
			isa = XCConfigurationList;
			buildConfigurations = (
				6A58E7D32539768D0091BAD3 /* Debug */,
				6A58E7D42539768D0091BAD3 /* Release */,
			);
			defaultConfigurationIsVisible = 0;
			defaultConfigurationName = Release;
		};
		6A58E7D52539768D0091BAD3 /* Build configuration list for PBXNativeTarget "PersonAppTest1Tests" */ = {
			isa = XCConfigurationList;
			buildConfigurations = (
				6A58E7D62539768D0091BAD3 /* Debug */,
				6A58E7D72539768D0091BAD3 /* Release */,
			);
			defaultConfigurationIsVisible = 0;
			defaultConfigurationName = Release;
		};
/* End XCConfigurationList section */
	};
	rootObject = 6A58E7AB2539768B0091BAD3 /* Project object */;
}
